// !$*UTF8*$!
{
	archiveVersion = 1;
	classes = {
	};
	objectVersion = 48;
	objects = {

/* Begin PBXBuildFile section */
		2F90FE0BA344AE64F77D2A5B /* Pods_GPLottery.framework in Frameworks */ = {isa = PBXBuildFile; fileRef = DC5E06EBC9B502EDB46FA2D7 /* Pods_GPLottery.framework */; };
		42E7E4D22054B7BE00119CB0 /* AppDelegate.m in Sources */ = {isa = PBXBuildFile; fileRef = 42E7E4D12054B7BE00119CB0 /* AppDelegate.m */; };
		42E7E4D82054B7BE00119CB0 /* Main.storyboard in Resources */ = {isa = PBXBuildFile; fileRef = 42E7E4D62054B7BE00119CB0 /* Main.storyboard */; };
		42E7E4DA2054B7BE00119CB0 /* Assets.xcassets in Resources */ = {isa = PBXBuildFile; fileRef = 42E7E4D92054B7BE00119CB0 /* Assets.xcassets */; };
		42E7E4DD2054B7BE00119CB0 /* LaunchScreen.storyboard in Resources */ = {isa = PBXBuildFile; fileRef = 42E7E4DB2054B7BE00119CB0 /* LaunchScreen.storyboard */; };
		42E7E4E02054B7BE00119CB0 /* main.m in Sources */ = {isa = PBXBuildFile; fileRef = 42E7E4DF2054B7BE00119CB0 /* main.m */; };
		42E7E4EA2054B7BE00119CB0 /* GPLotteryTests.m in Sources */ = {isa = PBXBuildFile; fileRef = 42E7E4E92054B7BE00119CB0 /* GPLotteryTests.m */; };
		42E7E4F52054B7BE00119CB0 /* GPLotteryUITests.m in Sources */ = {isa = PBXBuildFile; fileRef = 42E7E4F42054B7BE00119CB0 /* GPLotteryUITests.m */; };
		42E7E5152054BE3B00119CB0 /* GPHomeViewController.m in Sources */ = {isa = PBXBuildFile; fileRef = 42E7E5142054BE3B00119CB0 /* GPHomeViewController.m */; };
		42E7E5182054BE4F00119CB0 /* GPPayViewController.m in Sources */ = {isa = PBXBuildFile; fileRef = 42E7E5172054BE4F00119CB0 /* GPPayViewController.m */; };
		42E7E51B2054BE5C00119CB0 /* GPNoticeViewController.m in Sources */ = {isa = PBXBuildFile; fileRef = 42E7E51A2054BE5C00119CB0 /* GPNoticeViewController.m */; };
		42E7E51E2054BE6900119CB0 /* GPMineViewController.m in Sources */ = {isa = PBXBuildFile; fileRef = 42E7E51D2054BE6900119CB0 /* GPMineViewController.m */; };
		42E7E5262054C10300119CB0 /* bar_home_normal.png in Resources */ = {isa = PBXBuildFile; fileRef = 42E7E5242054C10300119CB0 /* bar_home_normal.png */; };
		42E7E52B2054C4E700119CB0 /* bar_home_choose.png in Resources */ = {isa = PBXBuildFile; fileRef = 42E7E52A2054C4E700119CB0 /* bar_home_choose.png */; };
		42E7E52E2054C6F100119CB0 /* bar_mine_normal.png in Resources */ = {isa = PBXBuildFile; fileRef = 42E7E52C2054C6F100119CB0 /* bar_mine_normal.png */; };
		42E7E52F2054C6F100119CB0 /* bar_mine_choose.png in Resources */ = {isa = PBXBuildFile; fileRef = 42E7E52D2054C6F100119CB0 /* bar_mine_choose.png */; };
		42E7E5322054C6FB00119CB0 /* bar_notice_choose.png in Resources */ = {isa = PBXBuildFile; fileRef = 42E7E5302054C6FB00119CB0 /* bar_notice_choose.png */; };
		42E7E5332054C6FB00119CB0 /* bar_notice_normal.png in Resources */ = {isa = PBXBuildFile; fileRef = 42E7E5312054C6FB00119CB0 /* bar_notice_normal.png */; };
		42E7E5362054C70300119CB0 /* bar_pay_choosr.png in Resources */ = {isa = PBXBuildFile; fileRef = 42E7E5342054C70300119CB0 /* bar_pay_choosr.png */; };
		42E7E5372054C70300119CB0 /* bar_pay_normal.png in Resources */ = {isa = PBXBuildFile; fileRef = 42E7E5352054C70300119CB0 /* bar_pay_normal.png */; };
		42E7E53B2054D05C00119CB0 /* MNAssistiveBtn.m in Sources */ = {isa = PBXBuildFile; fileRef = 42E7E53A2054D05C00119CB0 /* MNAssistiveBtn.m */; };
		42E7E5412054D4C200119CB0 /* global_btn.png in Resources */ = {isa = PBXBuildFile; fileRef = 42E7E5402054D4C200119CB0 /* global_btn.png */; };
		42E7E545205615C200119CB0 /* user_icon.png in Resources */ = {isa = PBXBuildFile; fileRef = 42E7E544205615C100119CB0 /* user_icon.png */; };
		42E7E5482056177000119CB0 /* sign.png in Resources */ = {isa = PBXBuildFile; fileRef = 42E7E5462056176F00119CB0 /* sign.png */; };
		42E7E5492056177000119CB0 /* arrow.png in Resources */ = {isa = PBXBuildFile; fileRef = 42E7E5472056177000119CB0 /* arrow.png */; };
		42E7E55620564F9C00119CB0 /* RegexPattern.m in Sources */ = {isa = PBXBuildFile; fileRef = 42E7E54C20564F9B00119CB0 /* RegexPattern.m */; };
		42E7E55720564F9C00119CB0 /* ToastView.m in Sources */ = {isa = PBXBuildFile; fileRef = 42E7E54E20564F9B00119CB0 /* ToastView.m */; };
		42E7E55820564F9C00119CB0 /* AFNetManager.m in Sources */ = {isa = PBXBuildFile; fileRef = 42E7E55120564F9B00119CB0 /* AFNetManager.m */; };
		42E7E55920564F9C00119CB0 /* UserDefaults.m in Sources */ = {isa = PBXBuildFile; fileRef = 42E7E55420564F9C00119CB0 /* UserDefaults.m */; };
/* End PBXBuildFile section */

/* Begin PBXContainerItemProxy section */
		42E7E4E62054B7BE00119CB0 /* PBXContainerItemProxy */ = {
			isa = PBXContainerItemProxy;
			containerPortal = 42E7E4C52054B7BE00119CB0 /* Project object */;
			proxyType = 1;
			remoteGlobalIDString = 42E7E4CC2054B7BE00119CB0;
			remoteInfo = GPLottery;
		};
		42E7E4F12054B7BE00119CB0 /* PBXContainerItemProxy */ = {
			isa = PBXContainerItemProxy;
			containerPortal = 42E7E4C52054B7BE00119CB0 /* Project object */;
			proxyType = 1;
			remoteGlobalIDString = 42E7E4CC2054B7BE00119CB0;
			remoteInfo = GPLottery;
		};
/* End PBXContainerItemProxy section */

/* Begin PBXFileReference section */
		03F7FD30635FB8A05363F45D /* Pods-GPLottery.release.xcconfig */ = {isa = PBXFileReference; includeInIndex = 1; lastKnownFileType = text.xcconfig; name = "Pods-GPLottery.release.xcconfig"; path = "Pods/Target Support Files/Pods-GPLottery/Pods-GPLottery.release.xcconfig"; sourceTree = "<group>"; };
		37DBED4784909874CF75BF7F /* Pods-GPLottery.debug.xcconfig */ = {isa = PBXFileReference; includeInIndex = 1; lastKnownFileType = text.xcconfig; name = "Pods-GPLottery.debug.xcconfig"; path = "Pods/Target Support Files/Pods-GPLottery/Pods-GPLottery.debug.xcconfig"; sourceTree = "<group>"; };
		42E7E4CD2054B7BE00119CB0 /* GPLottery.app */ = {isa = PBXFileReference; explicitFileType = wrapper.application; includeInIndex = 0; path = GPLottery.app; sourceTree = BUILT_PRODUCTS_DIR; };
		42E7E4D02054B7BE00119CB0 /* AppDelegate.h */ = {isa = PBXFileReference; lastKnownFileType = sourcecode.c.h; path = AppDelegate.h; sourceTree = "<group>"; };
		42E7E4D12054B7BE00119CB0 /* AppDelegate.m */ = {isa = PBXFileReference; lastKnownFileType = sourcecode.c.objc; path = AppDelegate.m; sourceTree = "<group>"; };
		42E7E4D72054B7BE00119CB0 /* Base */ = {isa = PBXFileReference; lastKnownFileType = file.storyboard; name = Base; path = Base.lproj/Main.storyboard; sourceTree = "<group>"; };
		42E7E4D92054B7BE00119CB0 /* Assets.xcassets */ = {isa = PBXFileReference; lastKnownFileType = folder.assetcatalog; path = Assets.xcassets; sourceTree = "<group>"; };
		42E7E4DC2054B7BE00119CB0 /* Base */ = {isa = PBXFileReference; lastKnownFileType = file.storyboard; name = Base; path = Base.lproj/LaunchScreen.storyboard; sourceTree = "<group>"; };
		42E7E4DE2054B7BE00119CB0 /* Info.plist */ = {isa = PBXFileReference; lastKnownFileType = text.plist.xml; path = Info.plist; sourceTree = "<group>"; };
		42E7E4DF2054B7BE00119CB0 /* main.m */ = {isa = PBXFileReference; lastKnownFileType = sourcecode.c.objc; path = main.m; sourceTree = "<group>"; };
		42E7E4E52054B7BE00119CB0 /* GPLotteryTests.xctest */ = {isa = PBXFileReference; explicitFileType = wrapper.cfbundle; includeInIndex = 0; path = GPLotteryTests.xctest; sourceTree = BUILT_PRODUCTS_DIR; };
		42E7E4E92054B7BE00119CB0 /* GPLotteryTests.m */ = {isa = PBXFileReference; lastKnownFileType = sourcecode.c.objc; path = GPLotteryTests.m; sourceTree = "<group>"; };
		42E7E4EB2054B7BE00119CB0 /* Info.plist */ = {isa = PBXFileReference; lastKnownFileType = text.plist.xml; path = Info.plist; sourceTree = "<group>"; };
		42E7E4F02054B7BE00119CB0 /* GPLotteryUITests.xctest */ = {isa = PBXFileReference; explicitFileType = wrapper.cfbundle; includeInIndex = 0; path = GPLotteryUITests.xctest; sourceTree = BUILT_PRODUCTS_DIR; };
		42E7E4F42054B7BE00119CB0 /* GPLotteryUITests.m */ = {isa = PBXFileReference; lastKnownFileType = sourcecode.c.objc; path = GPLotteryUITests.m; sourceTree = "<group>"; };
		42E7E4F62054B7BE00119CB0 /* Info.plist */ = {isa = PBXFileReference; lastKnownFileType = text.plist.xml; path = Info.plist; sourceTree = "<group>"; };
		42E7E5132054BE3B00119CB0 /* GPHomeViewController.h */ = {isa = PBXFileReference; lastKnownFileType = sourcecode.c.h; path = GPHomeViewController.h; sourceTree = "<group>"; };
		42E7E5142054BE3B00119CB0 /* GPHomeViewController.m */ = {isa = PBXFileReference; lastKnownFileType = sourcecode.c.objc; path = GPHomeViewController.m; sourceTree = "<group>"; };
		42E7E5162054BE4F00119CB0 /* GPPayViewController.h */ = {isa = PBXFileReference; lastKnownFileType = sourcecode.c.h; path = GPPayViewController.h; sourceTree = "<group>"; };
		42E7E5172054BE4F00119CB0 /* GPPayViewController.m */ = {isa = PBXFileReference; lastKnownFileType = sourcecode.c.objc; path = GPPayViewController.m; sourceTree = "<group>"; };
		42E7E5192054BE5C00119CB0 /* GPNoticeViewController.h */ = {isa = PBXFileReference; lastKnownFileType = sourcecode.c.h; path = GPNoticeViewController.h; sourceTree = "<group>"; };
		42E7E51A2054BE5C00119CB0 /* GPNoticeViewController.m */ = {isa = PBXFileReference; lastKnownFileType = sourcecode.c.objc; path = GPNoticeViewController.m; sourceTree = "<group>"; };
		42E7E51C2054BE6900119CB0 /* GPMineViewController.h */ = {isa = PBXFileReference; lastKnownFileType = sourcecode.c.h; path = GPMineViewController.h; sourceTree = "<group>"; };
		42E7E51D2054BE6900119CB0 /* GPMineViewController.m */ = {isa = PBXFileReference; lastKnownFileType = sourcecode.c.objc; path = GPMineViewController.m; sourceTree = "<group>"; };
		42E7E5242054C10300119CB0 /* bar_home_normal.png */ = {isa = PBXFileReference; lastKnownFileType = image.png; path = bar_home_normal.png; sourceTree = "<group>"; };
		42E7E52A2054C4E700119CB0 /* bar_home_choose.png */ = {isa = PBXFileReference; lastKnownFileType = image.png; path = bar_home_choose.png; sourceTree = "<group>"; };
		42E7E52C2054C6F100119CB0 /* bar_mine_normal.png */ = {isa = PBXFileReference; lastKnownFileType = image.png; path = bar_mine_normal.png; sourceTree = "<group>"; };
		42E7E52D2054C6F100119CB0 /* bar_mine_choose.png */ = {isa = PBXFileReference; lastKnownFileType = image.png; path = bar_mine_choose.png; sourceTree = "<group>"; };
		42E7E5302054C6FB00119CB0 /* bar_notice_choose.png */ = {isa = PBXFileReference; lastKnownFileType = image.png; path = bar_notice_choose.png; sourceTree = "<group>"; };
		42E7E5312054C6FB00119CB0 /* bar_notice_normal.png */ = {isa = PBXFileReference; lastKnownFileType = image.png; path = bar_notice_normal.png; sourceTree = "<group>"; };
		42E7E5342054C70300119CB0 /* bar_pay_choosr.png */ = {isa = PBXFileReference; lastKnownFileType = image.png; path = bar_pay_choosr.png; sourceTree = "<group>"; };
		42E7E5352054C70300119CB0 /* bar_pay_normal.png */ = {isa = PBXFileReference; lastKnownFileType = image.png; path = bar_pay_normal.png; sourceTree = "<group>"; };
		42E7E5392054D05C00119CB0 /* MNAssistiveBtn.h */ = {isa = PBXFileReference; fileEncoding = 4; lastKnownFileType = sourcecode.c.h; path = MNAssistiveBtn.h; sourceTree = "<group>"; };
		42E7E53A2054D05C00119CB0 /* MNAssistiveBtn.m */ = {isa = PBXFileReference; fileEncoding = 4; lastKnownFileType = sourcecode.c.objc; path = MNAssistiveBtn.m; sourceTree = "<group>"; };
		42E7E5402054D4C200119CB0 /* global_btn.png */ = {isa = PBXFileReference; lastKnownFileType = image.png; path = global_btn.png; sourceTree = "<group>"; };
		42E7E544205615C100119CB0 /* user_icon.png */ = {isa = PBXFileReference; lastKnownFileType = image.png; path = user_icon.png; sourceTree = "<group>"; };
		42E7E5462056176F00119CB0 /* sign.png */ = {isa = PBXFileReference; lastKnownFileType = image.png; path = sign.png; sourceTree = "<group>"; };
		42E7E5472056177000119CB0 /* arrow.png */ = {isa = PBXFileReference; lastKnownFileType = image.png; path = arrow.png; sourceTree = "<group>"; };
		42E7E54B20564F9B00119CB0 /* RegexPattern.h */ = {isa = PBXFileReference; fileEncoding = 4; lastKnownFileType = sourcecode.c.h; path = RegexPattern.h; sourceTree = "<group>"; };
		42E7E54C20564F9B00119CB0 /* RegexPattern.m */ = {isa = PBXFileReference; fileEncoding = 4; lastKnownFileType = sourcecode.c.objc; path = RegexPattern.m; sourceTree = "<group>"; };
		42E7E54E20564F9B00119CB0 /* ToastView.m */ = {isa = PBXFileReference; fileEncoding = 4; lastKnownFileType = sourcecode.c.objc; path = ToastView.m; sourceTree = "<group>"; };
		42E7E54F20564F9B00119CB0 /* ToastView.h */ = {isa = PBXFileReference; fileEncoding = 4; lastKnownFileType = sourcecode.c.h; path = ToastView.h; sourceTree = "<group>"; };
		42E7E55120564F9B00119CB0 /* AFNetManager.m */ = {isa = PBXFileReference; fileEncoding = 4; lastKnownFileType = sourcecode.c.objc; path = AFNetManager.m; sourceTree = "<group>"; };
		42E7E55220564F9B00119CB0 /* AFNetManager.h */ = {isa = PBXFileReference; fileEncoding = 4; lastKnownFileType = sourcecode.c.h; path = AFNetManager.h; sourceTree = "<group>"; };
		42E7E55420564F9C00119CB0 /* UserDefaults.m */ = {isa = PBXFileReference; fileEncoding = 4; lastKnownFileType = sourcecode.c.objc; path = UserDefaults.m; sourceTree = "<group>"; };
		42E7E55520564F9C00119CB0 /* UserDefaults.h */ = {isa = PBXFileReference; fileEncoding = 4; lastKnownFileType = sourcecode.c.h; path = UserDefaults.h; sourceTree = "<group>"; };
		42E7E55A20564FF900119CB0 /* GPPrefix.pch */ = {isa = PBXFileReference; lastKnownFileType = sourcecode.c.h; path = GPPrefix.pch; sourceTree = "<group>"; };
		DC5E06EBC9B502EDB46FA2D7 /* Pods_GPLottery.framework */ = {isa = PBXFileReference; explicitFileType = wrapper.framework; includeInIndex = 0; path = Pods_GPLottery.framework; sourceTree = BUILT_PRODUCTS_DIR; };
/* End PBXFileReference section */

/* Begin PBXFrameworksBuildPhase section */
		42E7E4CA2054B7BE00119CB0 /* Frameworks */ = {
			isa = PBXFrameworksBuildPhase;
			buildActionMask = 2147483647;
			files = (
				2F90FE0BA344AE64F77D2A5B /* Pods_GPLottery.framework in Frameworks */,
			);
			runOnlyForDeploymentPostprocessing = 0;
		};
		42E7E4E22054B7BE00119CB0 /* Frameworks */ = {
			isa = PBXFrameworksBuildPhase;
			buildActionMask = 2147483647;
			files = (
			);
			runOnlyForDeploymentPostprocessing = 0;
		};
		42E7E4ED2054B7BE00119CB0 /* Frameworks */ = {
			isa = PBXFrameworksBuildPhase;
			buildActionMask = 2147483647;
			files = (
			);
			runOnlyForDeploymentPostprocessing = 0;
		};
/* End PBXFrameworksBuildPhase section */

/* Begin PBXGroup section */
		40C8359C121E69F1F42B062F /* Frameworks */ = {
			isa = PBXGroup;
			children = (
				DC5E06EBC9B502EDB46FA2D7 /* Pods_GPLottery.framework */,
			);
			name = Frameworks;
			sourceTree = "<group>";
		};
		42E7E4C42054B7BE00119CB0 = {
			isa = PBXGroup;
			children = (
				42E7E4CF2054B7BE00119CB0 /* GPLottery */,
				42E7E4E82054B7BE00119CB0 /* GPLotteryTests */,
				42E7E4F32054B7BE00119CB0 /* GPLotteryUITests */,
				42E7E4CE2054B7BE00119CB0 /* Products */,
				9920A9B192A2CA8F25BC2837 /* Pods */,
				40C8359C121E69F1F42B062F /* Frameworks */,
			);
			sourceTree = "<group>";
		};
		42E7E4CE2054B7BE00119CB0 /* Products */ = {
			isa = PBXGroup;
			children = (
				42E7E4CD2054B7BE00119CB0 /* GPLottery.app */,
				42E7E4E52054B7BE00119CB0 /* GPLotteryTests.xctest */,
				42E7E4F02054B7BE00119CB0 /* GPLotteryUITests.xctest */,
			);
			name = Products;
			sourceTree = "<group>";
		};
		42E7E4CF2054B7BE00119CB0 /* GPLottery */ = {
			isa = PBXGroup;
			children = (
				42E7E4D02054B7BE00119CB0 /* AppDelegate.h */,
				42E7E4D12054B7BE00119CB0 /* AppDelegate.m */,
				42E7E5022054BD9B00119CB0 /* Tool */,
				42E7E50D2054BD9B00119CB0 /* Base */,
				42E7E51F2054C0C600119CB0 /* Resource */,
				42E7E5032054BD9B00119CB0 /* Controller */,
				42E7E5082054BD9B00119CB0 /* Model */,
				42E7E50E2054BD9B00119CB0 /* View */,
				42E7E4D62054B7BE00119CB0 /* Main.storyboard */,
				42E7E4D92054B7BE00119CB0 /* Assets.xcassets */,
				42E7E4DB2054B7BE00119CB0 /* LaunchScreen.storyboard */,
				42E7E4DE2054B7BE00119CB0 /* Info.plist */,
				42E7E4DF2054B7BE00119CB0 /* main.m */,
			);
			path = GPLottery;
			sourceTree = "<group>";
		};
		42E7E4E82054B7BE00119CB0 /* GPLotteryTests */ = {
			isa = PBXGroup;
			children = (
				42E7E4E92054B7BE00119CB0 /* GPLotteryTests.m */,
				42E7E4EB2054B7BE00119CB0 /* Info.plist */,
			);
			path = GPLotteryTests;
			sourceTree = "<group>";
		};
		42E7E4F32054B7BE00119CB0 /* GPLotteryUITests */ = {
			isa = PBXGroup;
			children = (
				42E7E4F42054B7BE00119CB0 /* GPLotteryUITests.m */,
				42E7E4F62054B7BE00119CB0 /* Info.plist */,
			);
			path = GPLotteryUITests;
			sourceTree = "<group>";
		};
		42E7E5022054BD9B00119CB0 /* Tool */ = {
			isa = PBXGroup;
			children = (
				42E7E55A20564FF900119CB0 /* GPPrefix.pch */,
				42E7E55020564F9B00119CB0 /* AFNetManager */,
				42E7E54A20564F9B00119CB0 /* RegexPatter */,
				42E7E54D20564F9B00119CB0 /* ToastView */,
				42E7E55320564F9C00119CB0 /* UserDefaults */,
				42E7E5382054D05C00119CB0 /* MNAssistiveBtn */,
			);
			path = Tool;
			sourceTree = "<group>";
		};
		42E7E5032054BD9B00119CB0 /* Controller */ = {
			isa = PBXGroup;
			children = (
				42E7E5052054BD9B00119CB0 /* HomePage */,
				42E7E5072054BD9B00119CB0 /* PayPage */,
				42E7E5062054BD9B00119CB0 /* NoticePage */,
				42E7E5042054BD9B00119CB0 /* MinePage */,
			);
			path = Controller;
			sourceTree = "<group>";
		};
		42E7E5042054BD9B00119CB0 /* MinePage */ = {
			isa = PBXGroup;
			children = (
				42E7E51C2054BE6900119CB0 /* GPMineViewController.h */,
				42E7E51D2054BE6900119CB0 /* GPMineViewController.m */,
			);
			path = MinePage;
			sourceTree = "<group>";
		};
		42E7E5052054BD9B00119CB0 /* HomePage */ = {
			isa = PBXGroup;
			children = (
				42E7E5132054BE3B00119CB0 /* GPHomeViewController.h */,
				42E7E5142054BE3B00119CB0 /* GPHomeViewController.m */,
			);
			path = HomePage;
			sourceTree = "<group>";
		};
		42E7E5062054BD9B00119CB0 /* NoticePage */ = {
			isa = PBXGroup;
			children = (
				42E7E5192054BE5C00119CB0 /* GPNoticeViewController.h */,
				42E7E51A2054BE5C00119CB0 /* GPNoticeViewController.m */,
			);
			path = NoticePage;
			sourceTree = "<group>";
		};
		42E7E5072054BD9B00119CB0 /* PayPage */ = {
			isa = PBXGroup;
			children = (
				42E7E5162054BE4F00119CB0 /* GPPayViewController.h */,
				42E7E5172054BE4F00119CB0 /* GPPayViewController.m */,
			);
			path = PayPage;
			sourceTree = "<group>";
		};
		42E7E5082054BD9B00119CB0 /* Model */ = {
			isa = PBXGroup;
			children = (
				42E7E50A2054BD9B00119CB0 /* HomePage */,
				42E7E50C2054BD9B00119CB0 /* PayPage */,
				42E7E50B2054BD9B00119CB0 /* NoticePage */,
				42E7E5092054BD9B00119CB0 /* MinePage */,
			);
			path = Model;
			sourceTree = "<group>";
		};
		42E7E5092054BD9B00119CB0 /* MinePage */ = {
			isa = PBXGroup;
			children = (
			);
			path = MinePage;
			sourceTree = "<group>";
		};
		42E7E50A2054BD9B00119CB0 /* HomePage */ = {
			isa = PBXGroup;
			children = (
			);
			path = HomePage;
			sourceTree = "<group>";
		};
		42E7E50B2054BD9B00119CB0 /* NoticePage */ = {
			isa = PBXGroup;
			children = (
			);
			path = NoticePage;
			sourceTree = "<group>";
		};
		42E7E50C2054BD9B00119CB0 /* PayPage */ = {
			isa = PBXGroup;
			children = (
			);
			path = PayPage;
			sourceTree = "<group>";
		};
		42E7E50D2054BD9B00119CB0 /* Base */ = {
			isa = PBXGroup;
			children = (
			);
			path = Base;
			sourceTree = "<group>";
		};
		42E7E50E2054BD9B00119CB0 /* View */ = {
			isa = PBXGroup;
			children = (
				42E7E5102054BD9B00119CB0 /* HomePage */,
				42E7E5122054BD9B00119CB0 /* PayPage */,
				42E7E5112054BD9B00119CB0 /* NoticePage */,
				42E7E50F2054BD9B00119CB0 /* MinePage */,
			);
			path = View;
			sourceTree = "<group>";
		};
		42E7E50F2054BD9B00119CB0 /* MinePage */ = {
			isa = PBXGroup;
			children = (
			);
			path = MinePage;
			sourceTree = "<group>";
		};
		42E7E5102054BD9B00119CB0 /* HomePage */ = {
			isa = PBXGroup;
			children = (
			);
			path = HomePage;
			sourceTree = "<group>";
		};
		42E7E5112054BD9B00119CB0 /* NoticePage */ = {
			isa = PBXGroup;
			children = (
			);
			path = NoticePage;
			sourceTree = "<group>";
		};
		42E7E5122054BD9B00119CB0 /* PayPage */ = {
			isa = PBXGroup;
			children = (
			);
			path = PayPage;
			sourceTree = "<group>";
		};
		42E7E51F2054C0C600119CB0 /* Resource */ = {
			isa = PBXGroup;
			children = (
				42E7E5402054D4C200119CB0 /* global_btn.png */,
				42E7E5202054C0C600119CB0 /* MinePage */,
				42E7E5212054C0C600119CB0 /* HomePage */,
				42E7E5222054C0C600119CB0 /* NoticePage */,
				42E7E5232054C0C600119CB0 /* PayPage */,
			);
			path = Resource;
			sourceTree = "<group>";
		};
		42E7E5202054C0C600119CB0 /* MinePage */ = {
			isa = PBXGroup;
			children = (
				42E7E52D2054C6F100119CB0 /* bar_mine_choose.png */,
				42E7E52C2054C6F100119CB0 /* bar_mine_normal.png */,
				42E7E544205615C100119CB0 /* user_icon.png */,
				42E7E5472056177000119CB0 /* arrow.png */,
				42E7E5462056176F00119CB0 /* sign.png */,
			);
			path = MinePage;
			sourceTree = "<group>";
		};
		42E7E5212054C0C600119CB0 /* HomePage */ = {
			isa = PBXGroup;
			children = (
				42E7E5242054C10300119CB0 /* bar_home_normal.png */,
				42E7E52A2054C4E700119CB0 /* bar_home_choose.png */,
			);
			path = HomePage;
			sourceTree = "<group>";
		};
		42E7E5222054C0C600119CB0 /* NoticePage */ = {
			isa = PBXGroup;
			children = (
				42E7E5302054C6FB00119CB0 /* bar_notice_choose.png */,
				42E7E5312054C6FB00119CB0 /* bar_notice_normal.png */,
			);
			path = NoticePage;
			sourceTree = "<group>";
		};
		42E7E5232054C0C600119CB0 /* PayPage */ = {
			isa = PBXGroup;
			children = (
				42E7E5342054C70300119CB0 /* bar_pay_choosr.png */,
				42E7E5352054C70300119CB0 /* bar_pay_normal.png */,
			);
			path = PayPage;
			sourceTree = "<group>";
		};
		42E7E5382054D05C00119CB0 /* MNAssistiveBtn */ = {
			isa = PBXGroup;
			children = (
				42E7E5392054D05C00119CB0 /* MNAssistiveBtn.h */,
				42E7E53A2054D05C00119CB0 /* MNAssistiveBtn.m */,
			);
			path = MNAssistiveBtn;
			sourceTree = "<group>";
		};
		42E7E54A20564F9B00119CB0 /* RegexPatter */ = {
			isa = PBXGroup;
			children = (
				42E7E54B20564F9B00119CB0 /* RegexPattern.h */,
				42E7E54C20564F9B00119CB0 /* RegexPattern.m */,
			);
			path = RegexPatter;
			sourceTree = "<group>";
		};
		42E7E54D20564F9B00119CB0 /* ToastView */ = {
			isa = PBXGroup;
			children = (
				42E7E54E20564F9B00119CB0 /* ToastView.m */,
				42E7E54F20564F9B00119CB0 /* ToastView.h */,
			);
			path = ToastView;
			sourceTree = "<group>";
		};
		42E7E55020564F9B00119CB0 /* AFNetManager */ = {
			isa = PBXGroup;
			children = (
				42E7E55120564F9B00119CB0 /* AFNetManager.m */,
				42E7E55220564F9B00119CB0 /* AFNetManager.h */,
			);
			path = AFNetManager;
			sourceTree = "<group>";
		};
		42E7E55320564F9C00119CB0 /* UserDefaults */ = {
			isa = PBXGroup;
			children = (
				42E7E55420564F9C00119CB0 /* UserDefaults.m */,
				42E7E55520564F9C00119CB0 /* UserDefaults.h */,
			);
			path = UserDefaults;
			sourceTree = "<group>";
		};
		9920A9B192A2CA8F25BC2837 /* Pods */ = {
			isa = PBXGroup;
			children = (
				37DBED4784909874CF75BF7F /* Pods-GPLottery.debug.xcconfig */,
				03F7FD30635FB8A05363F45D /* Pods-GPLottery.release.xcconfig */,
			);
			name = Pods;
			sourceTree = "<group>";
		};
/* End PBXGroup section */

/* Begin PBXNativeTarget section */
		42E7E4CC2054B7BE00119CB0 /* GPLottery */ = {
			isa = PBXNativeTarget;
			buildConfigurationList = 42E7E4F92054B7BE00119CB0 /* Build configuration list for PBXNativeTarget "GPLottery" */;
			buildPhases = (
				796516663C5523D0CD76FCAA /* [CP] Check Pods Manifest.lock */,
				42E7E4C92054B7BE00119CB0 /* Sources */,
				42E7E4CA2054B7BE00119CB0 /* Frameworks */,
				42E7E4CB2054B7BE00119CB0 /* Resources */,
				CDFF653140C00C7D48C7C354 /* [CP] Embed Pods Frameworks */,
				4DCE0ED880EB86EB15BE8AB6 /* [CP] Copy Pods Resources */,
			);
			buildRules = (
			);
			dependencies = (
			);
			name = GPLottery;
			productName = GPLottery;
			productReference = 42E7E4CD2054B7BE00119CB0 /* GPLottery.app */;
			productType = "com.apple.product-type.application";
		};
		42E7E4E42054B7BE00119CB0 /* GPLotteryTests */ = {
			isa = PBXNativeTarget;
			buildConfigurationList = 42E7E4FC2054B7BE00119CB0 /* Build configuration list for PBXNativeTarget "GPLotteryTests" */;
			buildPhases = (
				42E7E4E12054B7BE00119CB0 /* Sources */,
				42E7E4E22054B7BE00119CB0 /* Frameworks */,
				42E7E4E32054B7BE00119CB0 /* Resources */,
			);
			buildRules = (
			);
			dependencies = (
				42E7E4E72054B7BE00119CB0 /* PBXTargetDependency */,
			);
			name = GPLotteryTests;
			productName = GPLotteryTests;
			productReference = 42E7E4E52054B7BE00119CB0 /* GPLotteryTests.xctest */;
			productType = "com.apple.product-type.bundle.unit-test";
		};
		42E7E4EF2054B7BE00119CB0 /* GPLotteryUITests */ = {
			isa = PBXNativeTarget;
			buildConfigurationList = 42E7E4FF2054B7BE00119CB0 /* Build configuration list for PBXNativeTarget "GPLotteryUITests" */;
			buildPhases = (
				42E7E4EC2054B7BE00119CB0 /* Sources */,
				42E7E4ED2054B7BE00119CB0 /* Frameworks */,
				42E7E4EE2054B7BE00119CB0 /* Resources */,
			);
			buildRules = (
			);
			dependencies = (
				42E7E4F22054B7BE00119CB0 /* PBXTargetDependency */,
			);
			name = GPLotteryUITests;
			productName = GPLotteryUITests;
			productReference = 42E7E4F02054B7BE00119CB0 /* GPLotteryUITests.xctest */;
			productType = "com.apple.product-type.bundle.ui-testing";
		};
/* End PBXNativeTarget section */

/* Begin PBXProject section */
		42E7E4C52054B7BE00119CB0 /* Project object */ = {
			isa = PBXProject;
			attributes = {
				LastUpgradeCheck = 0920;
				ORGANIZATIONNAME = cc;
				TargetAttributes = {
					42E7E4CC2054B7BE00119CB0 = {
						CreatedOnToolsVersion = 9.2;
						ProvisioningStyle = Automatic;
					};
					42E7E4E42054B7BE00119CB0 = {
						CreatedOnToolsVersion = 9.2;
						ProvisioningStyle = Automatic;
						TestTargetID = 42E7E4CC2054B7BE00119CB0;
					};
					42E7E4EF2054B7BE00119CB0 = {
						CreatedOnToolsVersion = 9.2;
						ProvisioningStyle = Automatic;
						TestTargetID = 42E7E4CC2054B7BE00119CB0;
					};
				};
			};
			buildConfigurationList = 42E7E4C82054B7BE00119CB0 /* Build configuration list for PBXProject "GPLottery" */;
			compatibilityVersion = "Xcode 8.0";
			developmentRegion = en;
			hasScannedForEncodings = 0;
			knownRegions = (
				en,
				Base,
			);
			mainGroup = 42E7E4C42054B7BE00119CB0;
			productRefGroup = 42E7E4CE2054B7BE00119CB0 /* Products */;
			projectDirPath = "";
			projectRoot = "";
			targets = (
				42E7E4CC2054B7BE00119CB0 /* GPLottery */,
				42E7E4E42054B7BE00119CB0 /* GPLotteryTests */,
				42E7E4EF2054B7BE00119CB0 /* GPLotteryUITests */,
			);
		};
/* End PBXProject section */

/* Begin PBXResourcesBuildPhase section */
		42E7E4CB2054B7BE00119CB0 /* Resources */ = {
			isa = PBXResourcesBuildPhase;
			buildActionMask = 2147483647;
			files = (
				42E7E4DD2054B7BE00119CB0 /* LaunchScreen.storyboard in Resources */,
				42E7E5372054C70300119CB0 /* bar_pay_normal.png in Resources */,
				42E7E5482056177000119CB0 /* sign.png in Resources */,
				42E7E52E2054C6F100119CB0 /* bar_mine_normal.png in Resources */,
				42E7E52F2054C6F100119CB0 /* bar_mine_choose.png in Resources */,
				42E7E4DA2054B7BE00119CB0 /* Assets.xcassets in Resources */,
				42E7E5412054D4C200119CB0 /* global_btn.png in Resources */,
				42E7E5362054C70300119CB0 /* bar_pay_choosr.png in Resources */,
				42E7E545205615C200119CB0 /* user_icon.png in Resources */,
				42E7E4D82054B7BE00119CB0 /* Main.storyboard in Resources */,
				42E7E52B2054C4E700119CB0 /* bar_home_choose.png in Resources */,
				42E7E5322054C6FB00119CB0 /* bar_notice_choose.png in Resources */,
				42E7E5262054C10300119CB0 /* bar_home_normal.png in Resources */,
				42E7E5492056177000119CB0 /* arrow.png in Resources */,
				42E7E5332054C6FB00119CB0 /* bar_notice_normal.png in Resources */,
			);
			runOnlyForDeploymentPostprocessing = 0;
		};
		42E7E4E32054B7BE00119CB0 /* Resources */ = {
			isa = PBXResourcesBuildPhase;
			buildActionMask = 2147483647;
			files = (
			);
			runOnlyForDeploymentPostprocessing = 0;
		};
		42E7E4EE2054B7BE00119CB0 /* Resources */ = {
			isa = PBXResourcesBuildPhase;
			buildActionMask = 2147483647;
			files = (
			);
			runOnlyForDeploymentPostprocessing = 0;
		};
/* End PBXResourcesBuildPhase section */

/* Begin PBXShellScriptBuildPhase section */
		4DCE0ED880EB86EB15BE8AB6 /* [CP] Copy Pods Resources */ = {
			isa = PBXShellScriptBuildPhase;
			buildActionMask = 2147483647;
			files = (
			);
			inputPaths = (
			);
			name = "[CP] Copy Pods Resources";
			outputPaths = (
			);
			runOnlyForDeploymentPostprocessing = 0;
			shellPath = /bin/sh;
			shellScript = "\"${SRCROOT}/Pods/Target Support Files/Pods-GPLottery/Pods-GPLottery-resources.sh\"\n";
			showEnvVarsInLog = 0;
		};
		796516663C5523D0CD76FCAA /* [CP] Check Pods Manifest.lock */ = {
			isa = PBXShellScriptBuildPhase;
			buildActionMask = 2147483647;
			files = (
			);
			inputPaths = (
				"${PODS_PODFILE_DIR_PATH}/Podfile.lock",
				"${PODS_ROOT}/Manifest.lock",
			);
			name = "[CP] Check Pods Manifest.lock";
			outputPaths = (
				"$(DERIVED_FILE_DIR)/Pods-GPLottery-checkManifestLockResult.txt",
			);
			runOnlyForDeploymentPostprocessing = 0;
			shellPath = /bin/sh;
			shellScript = "diff \"${PODS_PODFILE_DIR_PATH}/Podfile.lock\" \"${PODS_ROOT}/Manifest.lock\" > /dev/null\nif [ $? != 0 ] ; then\n    # print error to STDERR\n    echo \"error: The sandbox is not in sync with the Podfile.lock. Run 'pod install' or update your CocoaPods installation.\" >&2\n    exit 1\nfi\n# This output is used by Xcode 'outputs' to avoid re-running this script phase.\necho \"SUCCESS\" > \"${SCRIPT_OUTPUT_FILE_0}\"\n";
			showEnvVarsInLog = 0;
		};
		CDFF653140C00C7D48C7C354 /* [CP] Embed Pods Frameworks */ = {
			isa = PBXShellScriptBuildPhase;
			buildActionMask = 2147483647;
			files = (
			);
			inputPaths = (
				"${SRCROOT}/Pods/Target Support Files/Pods-GPLottery/Pods-GPLottery-frameworks.sh",
				"${BUILT_PRODUCTS_DIR}/AFNetworking/AFNetworking.framework",
				"${BUILT_PRODUCTS_DIR}/MBProgressHUD/MBProgressHUD.framework",
				"${BUILT_PRODUCTS_DIR}/MJRefresh/MJRefresh.framework",
				"${BUILT_PRODUCTS_DIR}/SDCycleScrollView/SDCycleScrollView.framework",
				"${BUILT_PRODUCTS_DIR}/SDWebImage/SDWebImage.framework",
				"${BUILT_PRODUCTS_DIR}/TZImagePickerController/TZImagePickerController.framework",
			);
			name = "[CP] Embed Pods Frameworks";
			outputPaths = (
				"${TARGET_BUILD_DIR}/${FRAMEWORKS_FOLDER_PATH}/AFNetworking.framework",
				"${TARGET_BUILD_DIR}/${FRAMEWORKS_FOLDER_PATH}/MBProgressHUD.framework",
				"${TARGET_BUILD_DIR}/${FRAMEWORKS_FOLDER_PATH}/MJRefresh.framework",
				"${TARGET_BUILD_DIR}/${FRAMEWORKS_FOLDER_PATH}/SDCycleScrollView.framework",
				"${TARGET_BUILD_DIR}/${FRAMEWORKS_FOLDER_PATH}/SDWebImage.framework",
				"${TARGET_BUILD_DIR}/${FRAMEWORKS_FOLDER_PATH}/TZImagePickerController.framework",
			);
			runOnlyForDeploymentPostprocessing = 0;
			shellPath = /bin/sh;
			shellScript = "\"${SRCROOT}/Pods/Target Support Files/Pods-GPLottery/Pods-GPLottery-frameworks.sh\"\n";
			showEnvVarsInLog = 0;
		};
/* End PBXShellScriptBuildPhase section */

/* Begin PBXSourcesBuildPhase section */
		42E7E4C92054B7BE00119CB0 /* Sources */ = {
			isa = PBXSourcesBuildPhase;
			buildActionMask = 2147483647;
			files = (
				42E7E5182054BE4F00119CB0 /* GPPayViewController.m in Sources */,
				42E7E4E02054B7BE00119CB0 /* main.m in Sources */,
				42E7E55620564F9C00119CB0 /* RegexPattern.m in Sources */,
				42E7E51E2054BE6900119CB0 /* GPMineViewController.m in Sources */,
				42E7E55920564F9C00119CB0 /* UserDefaults.m in Sources */,
				42E7E55820564F9C00119CB0 /* AFNetManager.m in Sources */,
				42E7E55720564F9C00119CB0 /* ToastView.m in Sources */,
				42E7E5152054BE3B00119CB0 /* GPHomeViewController.m in Sources */,
				42E7E53B2054D05C00119CB0 /* MNAssistiveBtn.m in Sources */,
				42E7E51B2054BE5C00119CB0 /* GPNoticeViewController.m in Sources */,
				42E7E4D22054B7BE00119CB0 /* AppDelegate.m in Sources */,
			);
			runOnlyForDeploymentPostprocessing = 0;
		};
		42E7E4E12054B7BE00119CB0 /* Sources */ = {
			isa = PBXSourcesBuildPhase;
			buildActionMask = 2147483647;
			files = (
				42E7E4EA2054B7BE00119CB0 /* GPLotteryTests.m in Sources */,
			);
			runOnlyForDeploymentPostprocessing = 0;
		};
		42E7E4EC2054B7BE00119CB0 /* Sources */ = {
			isa = PBXSourcesBuildPhase;
			buildActionMask = 2147483647;
			files = (
				42E7E4F52054B7BE00119CB0 /* GPLotteryUITests.m in Sources */,
			);
			runOnlyForDeploymentPostprocessing = 0;
		};
/* End PBXSourcesBuildPhase section */

/* Begin PBXTargetDependency section */
		42E7E4E72054B7BE00119CB0 /* PBXTargetDependency */ = {
			isa = PBXTargetDependency;
			target = 42E7E4CC2054B7BE00119CB0 /* GPLottery */;
			targetProxy = 42E7E4E62054B7BE00119CB0 /* PBXContainerItemProxy */;
		};
		42E7E4F22054B7BE00119CB0 /* PBXTargetDependency */ = {
			isa = PBXTargetDependency;
			target = 42E7E4CC2054B7BE00119CB0 /* GPLottery */;
			targetProxy = 42E7E4F12054B7BE00119CB0 /* PBXContainerItemProxy */;
		};
/* End PBXTargetDependency section */

/* Begin PBXVariantGroup section */
		42E7E4D62054B7BE00119CB0 /* Main.storyboard */ = {
			isa = PBXVariantGroup;
			children = (
				42E7E4D72054B7BE00119CB0 /* Base */,
			);
			name = Main.storyboard;
			sourceTree = "<group>";
		};
		42E7E4DB2054B7BE00119CB0 /* LaunchScreen.storyboard */ = {
			isa = PBXVariantGroup;
			children = (
				42E7E4DC2054B7BE00119CB0 /* Base */,
			);
			name = LaunchScreen.storyboard;
			sourceTree = "<group>";
		};
/* End PBXVariantGroup section */

/* Begin XCBuildConfiguration section */
		42E7E4F72054B7BE00119CB0 /* Debug */ = {
			isa = XCBuildConfiguration;
			buildSettings = {
				ALWAYS_SEARCH_USER_PATHS = NO;
				CLANG_ANALYZER_NONNULL = YES;
				CLANG_ANALYZER_NUMBER_OBJECT_CONVERSION = YES_AGGRESSIVE;
				CLANG_CXX_LANGUAGE_STANDARD = "gnu++14";
				CLANG_CXX_LIBRARY = "libc++";
				CLANG_ENABLE_MODULES = YES;
				CLANG_ENABLE_OBJC_ARC = YES;
				CLANG_WARN_BLOCK_CAPTURE_AUTORELEASING = YES;
				CLANG_WARN_BOOL_CONVERSION = YES;
				CLANG_WARN_COMMA = YES;
				CLANG_WARN_CONSTANT_CONVERSION = YES;
				CLANG_WARN_DIRECT_OBJC_ISA_USAGE = YES_ERROR;
				CLANG_WARN_DOCUMENTATION_COMMENTS = YES;
				CLANG_WARN_EMPTY_BODY = YES;
				CLANG_WARN_ENUM_CONVERSION = YES;
				CLANG_WARN_INFINITE_RECURSION = YES;
				CLANG_WARN_INT_CONVERSION = YES;
				CLANG_WARN_NON_LITERAL_NULL_CONVERSION = YES;
				CLANG_WARN_OBJC_LITERAL_CONVERSION = YES;
				CLANG_WARN_OBJC_ROOT_CLASS = YES_ERROR;
				CLANG_WARN_RANGE_LOOP_ANALYSIS = YES;
				CLANG_WARN_STRICT_PROTOTYPES = YES;
				CLANG_WARN_SUSPICIOUS_MOVE = YES;
				CLANG_WARN_UNGUARDED_AVAILABILITY = YES_AGGRESSIVE;
				CLANG_WARN_UNREACHABLE_CODE = YES;
				CLANG_WARN__DUPLICATE_METHOD_MATCH = YES;
				CODE_SIGN_IDENTITY = "iPhone Developer";
				COPY_PHASE_STRIP = NO;
				DEBUG_INFORMATION_FORMAT = dwarf;
				ENABLE_STRICT_OBJC_MSGSEND = YES;
				ENABLE_TESTABILITY = YES;
				GCC_C_LANGUAGE_STANDARD = gnu11;
				GCC_DYNAMIC_NO_PIC = NO;
				GCC_NO_COMMON_BLOCKS = YES;
				GCC_OPTIMIZATION_LEVEL = 0;
				GCC_PREPROCESSOR_DEFINITIONS = (
					"DEBUG=1",
					"$(inherited)",
				);
				GCC_WARN_64_TO_32_BIT_CONVERSION = YES;
				GCC_WARN_ABOUT_RETURN_TYPE = YES_ERROR;
				GCC_WARN_UNDECLARED_SELECTOR = YES;
				GCC_WARN_UNINITIALIZED_AUTOS = YES_AGGRESSIVE;
				GCC_WARN_UNUSED_FUNCTION = YES;
				GCC_WARN_UNUSED_VARIABLE = YES;
				IPHONEOS_DEPLOYMENT_TARGET = 11.2;
				MTL_ENABLE_DEBUG_INFO = YES;
				ONLY_ACTIVE_ARCH = YES;
				SDKROOT = iphoneos;
			};
			name = Debug;
		};
		42E7E4F82054B7BE00119CB0 /* Release */ = {
			isa = XCBuildConfiguration;
			buildSettings = {
				ALWAYS_SEARCH_USER_PATHS = NO;
				CLANG_ANALYZER_NONNULL = YES;
				CLANG_ANALYZER_NUMBER_OBJECT_CONVERSION = YES_AGGRESSIVE;
				CLANG_CXX_LANGUAGE_STANDARD = "gnu++14";
				CLANG_CXX_LIBRARY = "libc++";
				CLANG_ENABLE_MODULES = YES;
				CLANG_ENABLE_OBJC_ARC = YES;
				CLANG_WARN_BLOCK_CAPTURE_AUTORELEASING = YES;
				CLANG_WARN_BOOL_CONVERSION = YES;
				CLANG_WARN_COMMA = YES;
				CLANG_WARN_CONSTANT_CONVERSION = YES;
				CLANG_WARN_DIRECT_OBJC_ISA_USAGE = YES_ERROR;
				CLANG_WARN_DOCUMENTATION_COMMENTS = YES;
				CLANG_WARN_EMPTY_BODY = YES;
				CLANG_WARN_ENUM_CONVERSION = YES;
				CLANG_WARN_INFINITE_RECURSION = YES;
				CLANG_WARN_INT_CONVERSION = YES;
				CLANG_WARN_NON_LITERAL_NULL_CONVERSION = YES;
				CLANG_WARN_OBJC_LITERAL_CONVERSION = YES;
				CLANG_WARN_OBJC_ROOT_CLASS = YES_ERROR;
				CLANG_WARN_RANGE_LOOP_ANALYSIS = YES;
				CLANG_WARN_STRICT_PROTOTYPES = YES;
				CLANG_WARN_SUSPICIOUS_MOVE = YES;
				CLANG_WARN_UNGUARDED_AVAILABILITY = YES_AGGRESSIVE;
				CLANG_WARN_UNREACHABLE_CODE = YES;
				CLANG_WARN__DUPLICATE_METHOD_MATCH = YES;
				CODE_SIGN_IDENTITY = "iPhone Developer";
				COPY_PHASE_STRIP = NO;
				DEBUG_INFORMATION_FORMAT = "dwarf-with-dsym";
				ENABLE_NS_ASSERTIONS = NO;
				ENABLE_STRICT_OBJC_MSGSEND = YES;
				GCC_C_LANGUAGE_STANDARD = gnu11;
				GCC_NO_COMMON_BLOCKS = YES;
				GCC_WARN_64_TO_32_BIT_CONVERSION = YES;
				GCC_WARN_ABOUT_RETURN_TYPE = YES_ERROR;
				GCC_WARN_UNDECLARED_SELECTOR = YES;
				GCC_WARN_UNINITIALIZED_AUTOS = YES_AGGRESSIVE;
				GCC_WARN_UNUSED_FUNCTION = YES;
				GCC_WARN_UNUSED_VARIABLE = YES;
				IPHONEOS_DEPLOYMENT_TARGET = 11.2;
				MTL_ENABLE_DEBUG_INFO = NO;
				SDKROOT = iphoneos;
				VALIDATE_PRODUCT = YES;
			};
			name = Release;
		};
		42E7E4FA2054B7BE00119CB0 /* Debug */ = {
			isa = XCBuildConfiguration;
			baseConfigurationReference = 37DBED4784909874CF75BF7F /* Pods-GPLottery.debug.xcconfig */;
			buildSettings = {
				ASSETCATALOG_COMPILER_APPICON_NAME = AppIcon;
				CODE_SIGN_STYLE = Automatic;
				DEVELOPMENT_TEAM = YGFHD343SK;
				GCC_PREFIX_HEADER = "$(SRCROOT)/GPLottery/Tool/GPPrefix.pch";
				INFOPLIST_FILE = GPLottery/Info.plist;
				LD_RUNPATH_SEARCH_PATHS = "$(inherited) @executable_path/Frameworks";
				PRODUCT_BUNDLE_IDENTIFIER = com.cc.GPLottery;
				PRODUCT_NAME = "$(TARGET_NAME)";
				TARGETED_DEVICE_FAMILY = "1,2";
			};
			name = Debug;
		};
		42E7E4FB2054B7BE00119CB0 /* Release */ = {
			isa = XCBuildConfiguration;
			baseConfigurationReference = 03F7FD30635FB8A05363F45D /* Pods-GPLottery.release.xcconfig */;
			buildSettings = {
				ASSETCATALOG_COMPILER_APPICON_NAME = AppIcon;
				CODE_SIGN_STYLE = Automatic;
				DEVELOPMENT_TEAM = YGFHD343SK;
				GCC_PREFIX_HEADER = "$(SRCROOT)/GPLottery/Tool/GPPrefix.pch";
				INFOPLIST_FILE = GPLottery/Info.plist;
				LD_RUNPATH_SEARCH_PATHS = "$(inherited) @executable_path/Frameworks";
				PRODUCT_BUNDLE_IDENTIFIER = com.cc.GPLottery;
				PRODUCT_NAME = "$(TARGET_NAME)";
				TARGETED_DEVICE_FAMILY = "1,2";
			};
			name = Release;
		};
		42E7E4FD2054B7BE00119CB0 /* Debug */ = {
			isa = XCBuildConfiguration;
			buildSettings = {
				BUNDLE_LOADER = "$(TEST_HOST)";
				CODE_SIGN_STYLE = Automatic;
				DEVELOPMENT_TEAM = YGFHD343SK;
				INFOPLIST_FILE = GPLotteryTests/Info.plist;
				LD_RUNPATH_SEARCH_PATHS = "$(inherited) @executable_path/Frameworks @loader_path/Frameworks";
				PRODUCT_BUNDLE_IDENTIFIER = com.cc.GPLotteryTests;
				PRODUCT_NAME = "$(TARGET_NAME)";
				TARGETED_DEVICE_FAMILY = "1,2";
				TEST_HOST = "$(BUILT_PRODUCTS_DIR)/GPLottery.app/GPLottery";
			};
			name = Debug;
		};
		42E7E4FE2054B7BE00119CB0 /* Release */ = {
			isa = XCBuildConfiguration;
			buildSettings = {
				BUNDLE_LOADER = "$(TEST_HOST)";
				CODE_SIGN_STYLE = Automatic;
				DEVELOPMENT_TEAM = YGFHD343SK;
				INFOPLIST_FILE = GPLotteryTests/Info.plist;
				LD_RUNPATH_SEARCH_PATHS = "$(inherited) @executable_path/Frameworks @loader_path/Frameworks";
				PRODUCT_BUNDLE_IDENTIFIER = com.cc.GPLotteryTests;
				PRODUCT_NAME = "$(TARGET_NAME)";
				TARGETED_DEVICE_FAMILY = "1,2";
				TEST_HOST = "$(BUILT_PRODUCTS_DIR)/GPLottery.app/GPLottery";
			};
			name = Release;
		};
		42E7E5002054B7BE00119CB0 /* Debug */ = {
			isa = XCBuildConfiguration;
			buildSettings = {
				CODE_SIGN_STYLE = Automatic;
				DEVELOPMENT_TEAM = YGFHD343SK;
				INFOPLIST_FILE = GPLotteryUITests/Info.plist;
				LD_RUNPATH_SEARCH_PATHS = "$(inherited) @executable_path/Frameworks @loader_path/Frameworks";
				PRODUCT_BUNDLE_IDENTIFIER = com.cc.GPLotteryUITests;
				PRODUCT_NAME = "$(TARGET_NAME)";
				TARGETED_DEVICE_FAMILY = "1,2";
				TEST_TARGET_NAME = GPLottery;
			};
			name = Debug;
		};
		42E7E5012054B7BE00119CB0 /* Release */ = {
			isa = XCBuildConfiguration;
			buildSettings = {
				CODE_SIGN_STYLE = Automatic;
				DEVELOPMENT_TEAM = YGFHD343SK;
				INFOPLIST_FILE = GPLotteryUITests/Info.plist;
				LD_RUNPATH_SEARCH_PATHS = "$(inherited) @executable_path/Frameworks @loader_path/Frameworks";
				PRODUCT_BUNDLE_IDENTIFIER = com.cc.GPLotteryUITests;
				PRODUCT_NAME = "$(TARGET_NAME)";
				TARGETED_DEVICE_FAMILY = "1,2";
				TEST_TARGET_NAME = GPLottery;
			};
			name = Release;
		};
/* End XCBuildConfiguration section */

/* Begin XCConfigurationList section */
		42E7E4C82054B7BE00119CB0 /* Build configuration list for PBXProject "GPLottery" */ = {
			isa = XCConfigurationList;
			buildConfigurations = (
				42E7E4F72054B7BE00119CB0 /* Debug */,
				42E7E4F82054B7BE00119CB0 /* Release */,
			);
			defaultConfigurationIsVisible = 0;
			defaultConfigurationName = Release;
		};
		42E7E4F92054B7BE00119CB0 /* Build configuration list for PBXNativeTarget "GPLottery" */ = {
			isa = XCConfigurationList;
			buildConfigurations = (
				42E7E4FA2054B7BE00119CB0 /* Debug */,
				42E7E4FB2054B7BE00119CB0 /* Release */,
			);
			defaultConfigurationIsVisible = 0;
			defaultConfigurationName = Release;
		};
		42E7E4FC2054B7BE00119CB0 /* Build configuration list for PBXNativeTarget "GPLotteryTests" */ = {
			isa = XCConfigurationList;
			buildConfigurations = (
				42E7E4FD2054B7BE00119CB0 /* Debug */,
				42E7E4FE2054B7BE00119CB0 /* Release */,
			);
			defaultConfigurationIsVisible = 0;
			defaultConfigurationName = Release;
		};
		42E7E4FF2054B7BE00119CB0 /* Build configuration list for PBXNativeTarget "GPLotteryUITests" */ = {
			isa = XCConfigurationList;
			buildConfigurations = (
				42E7E5002054B7BE00119CB0 /* Debug */,
				42E7E5012054B7BE00119CB0 /* Release */,
			);
			defaultConfigurationIsVisible = 0;
			defaultConfigurationName = Release;
		};
/* End XCConfigurationList section */
	};
	rootObject = 42E7E4C52054B7BE00119CB0 /* Project object */;
}
